PODS:
  - SwiftExpression (3.0)

DEPENDENCIES:
  - SwiftExpression (~> 3.0)

SPEC REPOS:
  https://github.com/cocoapods/specs.git:
    - SwiftExpression

SPEC CHECKSUMS:
  SwiftExpression: 19523bb8af3d021c784a14af34e58e45a14e0c79

PODFILE CHECKSUM: 55568585264f86b0514c19c8915daed215513244

COCOAPODS: 1.7.3
